
Microsoft Visual Studio Solution File, Format Version 12.00
# Visual Studio Version 16
VisualStudioVersion = 16.0.29411.108
MinimumVisualStudioVersion = 10.0.40219.1
Project("{FAE04EC0-301F-11D3-BF4B-00C04F79EFBC}") = "HEHI_AWOS_P2_4TSM2", "BAHV_AWOS_P2_4TSM2\HEHI_AWOS_P2_4TSM2.csproj", "{6833428F-C96D-44E5-9833-1413602CA37E}"
EndProject
Global
	GlobalSection(SolutionConfigurationPlatforms) = preSolution
		Debug|Any CPU = Debug|Any CPU
		Release|Any CPU = Release|Any CPU
	EndGlobalSection
	GlobalSection(ProjectConfigurationPlatforms) = postSolution
		{6833428F-C96D-44E5-9833-1413602CA37E}.Debug|Any CPU.ActiveCfg = Debug|Any CPU
		{6833428F-C96D-44E5-9833-1413602CA37E}.Debug|Any CPU.Build.0 = Debug|Any CPU
		{6833428F-C96D-44E5-9833-1413602CA37E}.Release|Any CPU.ActiveCfg = Release|Any CPU
		{6833428F-C96D-44E5-9833-1413602CA37E}.Release|Any CPU.Build.0 = Release|Any CPU
	EndGlobalSection
	GlobalSection(SolutionProperties) = preSolution
		HideSolutionNode = FALSE
	EndGlobalSection
	GlobalSection(ExtensibilityGlobals) = postSolution
		SolutionGuid = {62C5C857-2B81-41A2-9318-704766B6DAB6}
	EndGlobalSection
EndGlobal
